
Microsoft Visual Studio Solution File, Format Version 12.00
# Visual Studio Version 17
VisualStudioVersion = 17.14.36429.23 d17.14
MinimumVisualStudioVersion = 10.0.40219.1
Project("{FAE04EC0-301F-11D3-BF4B-00C04F79EFBC}") = "Ejercicio_2", "Ejercicio_2.csproj", "{318708FC-180D-4ACC-98BF-F682E8828A1E}"
EndProject
Global
	GlobalSection(SolutionConfigurationPlatforms) = preSolution
		Debug|Any CPU = Debug|Any CPU
		Release|Any CPU = Release|Any CPU
	EndGlobalSection
	GlobalSection(ProjectConfigurationPlatforms) = postSolution
		{318708FC-180D-4ACC-98BF-F682E8828A1E}.Debug|Any CPU.ActiveCfg = Debug|Any CPU
		{318708FC-180D-4ACC-98BF-F682E8828A1E}.Debug|Any CPU.Build.0 = Debug|Any CPU
		{318708FC-180D-4ACC-98BF-F682E8828A1E}.Release|Any CPU.ActiveCfg = Release|Any CPU
		{318708FC-180D-4ACC-98BF-F682E8828A1E}.Release|Any CPU.Build.0 = Release|Any CPU
	EndGlobalSection
	GlobalSection(SolutionProperties) = preSolution
		HideSolutionNode = FALSE
	EndGlobalSection
	GlobalSection(ExtensibilityGlobals) = postSolution
		SolutionGuid = {F2C07745-9580-454B-8E30-678AD37E1FE8}
	EndGlobalSection
EndGlobal
