
Microsoft Visual Studio Solution File, Format Version 12.00
# Visual Studio Version 17
VisualStudioVersion = 17.14.36414.22 d17.14
MinimumVisualStudioVersion = 10.0.40219.1
Project("{FAE04EC0-301F-11D3-BF4B-00C04F79EFBC}") = "Ejercicio_7", "Ejercicio_7.csproj", "{CEB8237F-ED7C-4955-8AD3-C911A4730437}"
EndProject
Global
	GlobalSection(SolutionConfigurationPlatforms) = preSolution
		Debug|Any CPU = Debug|Any CPU
		Release|Any CPU = Release|Any CPU
	EndGlobalSection
	GlobalSection(ProjectConfigurationPlatforms) = postSolution
		{CEB8237F-ED7C-4955-8AD3-C911A4730437}.Debug|Any CPU.ActiveCfg = Debug|Any CPU
		{CEB8237F-ED7C-4955-8AD3-C911A4730437}.Debug|Any CPU.Build.0 = Debug|Any CPU
		{CEB8237F-ED7C-4955-8AD3-C911A4730437}.Release|Any CPU.ActiveCfg = Release|Any CPU
		{CEB8237F-ED7C-4955-8AD3-C911A4730437}.Release|Any CPU.Build.0 = Release|Any CPU
	EndGlobalSection
	GlobalSection(SolutionProperties) = preSolution
		HideSolutionNode = FALSE
	EndGlobalSection
	GlobalSection(ExtensibilityGlobals) = postSolution
		SolutionGuid = {D33AEC2F-2FD8-4314-B443-8F25B49EA1EE}
	EndGlobalSection
EndGlobal
